
Microsoft Visual Studio Solution File, Format Version 12.00
# Visual Studio Version 16
VisualStudioVersion = 16.0.34031.81
MinimumVisualStudioVersion = 10.0.40219.1
Project("{2150E333-8FDC-42A3-9474-1A3956D46DE8}") = "Task0", "Task0", "{F265AA6F-06E3-42D8-A927-C870E46527DC}"
EndProject
Project("{FAE04EC0-301F-11D3-BF4B-00C04F79EFBC}") = "Tyuiu.AvaevaPD.Sprint2.Task0.V30", "Tyuiu.AvaevaPD.Sprint2.Task0.V0\Tyuiu.AvaevaPD.Sprint2.Task0.V30.csproj", "{0C442F5E-5C6B-4CAE-B08B-013E35073C18}"
EndProject
Project("{FAE04EC0-301F-11D3-BF4B-00C04F79EFBC}") = "Tyuiu.AvaevaPD.Sprint2.Task0.V30.Lib", "Tyuiu.AvaevaPD.Sprint2.Task0.V0.Lib\Tyuiu.AvaevaPD.Sprint2.Task0.V30.Lib.csproj", "{174C29B1-2E95-45FC-9973-992227A79109}"
EndProject
Project("{FAE04EC0-301F-11D3-BF4B-00C04F79EFBC}") = "Tyuiu.AvaevaPD.Sprint2.Task0.V30.Test", "Tyuiu.AvaevaPD.Sprint2.Task0.V0.Test\Tyuiu.AvaevaPD.Sprint2.Task0.V30.Test.csproj", "{38FFB4DA-35B1-4A29-8182-DD2F96C19392}"
EndProject
Project("{2150E333-8FDC-42A3-9474-1A3956D46DE8}") = "NewFolder1", "NewFolder1", "{05F29D3E-B92B-43A3-9908-9AD293950869}"
EndProject
Project("{FAE04EC0-301F-11D3-BF4B-00C04F79EFBC}") = "Tyuiu.AvaevaPD.Sprint2.Task1.V11", "Tyuiu.AvaevaPD.Sprint2.Task1.V11\Tyuiu.AvaevaPD.Sprint2.Task1.V11.csproj", "{FD9A592B-AC6B-44A7-97C0-F6602736C968}"
EndProject
Project("{FAE04EC0-301F-11D3-BF4B-00C04F79EFBC}") = "Tyuiu.AvaevaPD.Sprint2.Task1.V11.Lib", "Tyuiu.AvaevaPD.Sprint2.Task1.V11.Lib\Tyuiu.AvaevaPD.Sprint2.Task1.V11.Lib.csproj", "{462C0DB1-D6EA-40BE-B291-69585E8DE34E}"
EndProject
Project("{FAE04EC0-301F-11D3-BF4B-00C04F79EFBC}") = "Tyuiu.AvaevaPD.Sprint2.Task1.V11.Test", "Tyuiu.AvaevaPD.Sprint2.Task1.V11.Test\Tyuiu.AvaevaPD.Sprint2.Task1.V11.Test.csproj", "{46C144A1-5D57-4C4B-9647-E89571055118}"
EndProject
Project("{2150E333-8FDC-42A3-9474-1A3956D46DE8}") = "Task2", "Task2", "{F5D6A18B-7C12-48DD-8A93-9C744704A914}"
EndProject
Project("{FAE04EC0-301F-11D3-BF4B-00C04F79EFBC}") = "Tyuiu.AvaevaPD.Sprint2.Task2.V4", "Tyuiu.AvaevaPD.Sprint2.Task2.V4\Tyuiu.AvaevaPD.Sprint2.Task2.V4.csproj", "{BF548BD1-4E45-4617-8B68-3292F8131F8B}"
EndProject
Project("{FAE04EC0-301F-11D3-BF4B-00C04F79EFBC}") = "Tyuiu.AvaevaPD.Sprint2.Task2.V4.Lib", "Tyuiu.AvaevaPD.Sprint2.Task2.V4.Lib\Tyuiu.AvaevaPD.Sprint2.Task2.V4.Lib.csproj", "{578FA15B-34D9-44FF-B6E4-FC9170A27786}"
EndProject
Project("{FAE04EC0-301F-11D3-BF4B-00C04F79EFBC}") = "Tyuiu.AvaevaPD.Sprint2.Task2.V4.Test", "Tyuiu.AvaevaPD.Sprint2.Task2.V4.Test\Tyuiu.AvaevaPD.Sprint2.Task2.V4.Test.csproj", "{0AE21E22-AE63-4B79-AC4B-466C12841D71}"
EndProject
Project("{2150E333-8FDC-42A3-9474-1A3956D46DE8}") = "Task3", "Task3", "{D9E5DB10-5EBD-4D61-B4E6-11B5AAE867BD}"
EndProject
Project("{FAE04EC0-301F-11D3-BF4B-00C04F79EFBC}") = "Tyuiu.AvaevaPD.Sprint2.Task3.V2", "Tyuiu.AvaevaPD.Sprint2.Task3.V2\Tyuiu.AvaevaPD.Sprint2.Task3.V2.csproj", "{3A6DDA53-A666-4E2C-8940-874E4955BDCE}"
EndProject
Project("{FAE04EC0-301F-11D3-BF4B-00C04F79EFBC}") = "Tyuiu.AvaevaPD.Sprint2.Task3.V2.Lib", "Tyuiu.AvaevaPD.Sprint2.Task3.V2.Lib\Tyuiu.AvaevaPD.Sprint2.Task3.V2.Lib.csproj", "{CEF173E5-9B1A-490E-BD61-0557789D986D}"
EndProject
Project("{FAE04EC0-301F-11D3-BF4B-00C04F79EFBC}") = "Tyuiu.AvaevaPD.Sprint2.Task3.V2.Test", "Tyuiu.AvaevaPD.Sprint2.Task3.V2.Test\Tyuiu.AvaevaPD.Sprint2.Task3.V2.Test.csproj", "{923E7889-6580-44BC-A3F0-8C424E847E58}"
EndProject
Project("{2150E333-8FDC-42A3-9474-1A3956D46DE8}") = "Task4", "Task4", "{FB394289-BC2D-42F2-9F4E-062CE80E5F5A}"
EndProject
Project("{FAE04EC0-301F-11D3-BF4B-00C04F79EFBC}") = "Tyuiu.AvaevaPD.Sprint2.Task4.V15", "Tyuiu.AvaevaPD.Sprint2.Task4.V15\Tyuiu.AvaevaPD.Sprint2.Task4.V15.csproj", "{B6E299A3-F217-42A0-993D-3EA598190FD3}"
EndProject
Project("{FAE04EC0-301F-11D3-BF4B-00C04F79EFBC}") = "Tyuiu.AvaevaPD.Sprint2.Task4.V15.Lib", "Tyuiu.AvaevaPD.Sprint2.Task4.V15.Lib\Tyuiu.AvaevaPD.Sprint2.Task4.V15.Lib.csproj", "{123D6BC6-3311-4127-A7EA-29E3E0512ABF}"
EndProject
Project("{FAE04EC0-301F-11D3-BF4B-00C04F79EFBC}") = "Tyuiu.AvaevaPD.Sprint2.Task4.V15.Test", "Tyuiu.AvaevaPD.Sprint2.Task4.V15.Test\Tyuiu.AvaevaPD.Sprint2.Task4.V15.Test.csproj", "{7692C175-1474-4A1A-B8B7-DBEC7C2950CA}"
EndProject
Project("{2150E333-8FDC-42A3-9474-1A3956D46DE8}") = "Task5", "Task5", "{2942C3D1-DD6E-4ED4-B3C0-1FA019A65947}"
EndProject
Project("{FAE04EC0-301F-11D3-BF4B-00C04F79EFBC}") = "Tyuiu.AvaevaPD.Sprint2.Task5.V7", "Tyuiu.AvaevaPD.Sprint2.Task5.V7\Tyuiu.AvaevaPD.Sprint2.Task5.V7.csproj", "{7594DABE-96C1-4E09-B18A-4496876733D8}"
EndProject
Project("{FAE04EC0-301F-11D3-BF4B-00C04F79EFBC}") = "Tyuiu.AvaevaPD.Sprint2.Task5.V7.Lib", "Tyuiu.AvaevaPD.Sprint2.Task5.V7.Lib\Tyuiu.AvaevaPD.Sprint2.Task5.V7.Lib.csproj", "{3433CDC0-3655-4745-8FE9-DA78676D14AB}"
EndProject
Project("{FAE04EC0-301F-11D3-BF4B-00C04F79EFBC}") = "Tyuiu.AvaevaPD.Sprint2.Task5.V7.Test", "Tyuiu.AvaevaPD.Sprint2.Task5.V7.Test\Tyuiu.AvaevaPD.Sprint2.Task5.V7.Test.csproj", "{522AE680-CF13-4D6A-9494-57B6088595A2}"
EndProject
Project("{2150E333-8FDC-42A3-9474-1A3956D46DE8}") = "Task6", "Task6", "{9BBF4737-A7FB-4F50-9490-587F7B630D5F}"
EndProject
Project("{FAE04EC0-301F-11D3-BF4B-00C04F79EFBC}") = "Tyuiu.AvaevaPD.Sprint2.Task6.V14", "Tyuiu.AvaevaPD.Sprint2.Task6.V14\Tyuiu.AvaevaPD.Sprint2.Task6.V14.csproj", "{A1DF0589-FB1C-46B0-9EEA-EEFA85A6058B}"
EndProject
Project("{FAE04EC0-301F-11D3-BF4B-00C04F79EFBC}") = "Tyuiu.AvaevaPD.Sprint2.Task6.V14.Lib", "Tyuiu.AvaevaPD.Sprint2.Task6.V14.Lib\Tyuiu.AvaevaPD.Sprint2.Task6.V14.Lib.csproj", "{019745ED-B346-44AF-B6E5-860017491693}"
EndProject
Project("{FAE04EC0-301F-11D3-BF4B-00C04F79EFBC}") = "Tyuiu.AvaevaPD.Sprint2.Task6.V14.Test", "Tyuiu.AvaevaPD.Sprint2.Task6.V14.Test\Tyuiu.AvaevaPD.Sprint2.Task6.V14.Test.csproj", "{9D43F835-B7E7-4933-BE04-D115C415A91A}"
EndProject
Project("{2150E333-8FDC-42A3-9474-1A3956D46DE8}") = "Task7", "Task7", "{342FE960-49F4-4A0A-81FF-F8547E109A28}"
EndProject
Project("{FAE04EC0-301F-11D3-BF4B-00C04F79EFBC}") = "Tyuiu.AvaevaPD.Sprint2.Task7.V15", "Tyuiu.AvaevaPD.Sprint2.Task7.V15\Tyuiu.AvaevaPD.Sprint2.Task7.V15.csproj", "{E2B7F954-3A73-479E-9C63-E05DB0BB6332}"
EndProject
Project("{FAE04EC0-301F-11D3-BF4B-00C04F79EFBC}") = "Tyuiu.AvaevaPD.Sprint2.Task7.V15.Lib", "Tyuiu.AvaeavPD.Sprint2.Task7.V15.Lib\Tyuiu.AvaevaPD.Sprint2.Task7.V15.Lib.csproj", "{BA1D93ED-CA40-4BDF-AB0B-189594B2CD9D}"
EndProject
Project("{FAE04EC0-301F-11D3-BF4B-00C04F79EFBC}") = "Tyuiu.AvaevaPD.Sprint2.Task7.V15.Test", "Tyuiu.AvaevaPD.Sprint2.Task7.V15.Test\Tyuiu.AvaevaPD.Sprint2.Task7.V15.Test.csproj", "{DDD9A38A-8430-42F8-9D68-2E465509333B}"
EndProject
Global
	GlobalSection(SolutionConfigurationPlatforms) = preSolution
		Debug|Any CPU = Debug|Any CPU
		Release|Any CPU = Release|Any CPU
	EndGlobalSection
	GlobalSection(ProjectConfigurationPlatforms) = postSolution
		{0C442F5E-5C6B-4CAE-B08B-013E35073C18}.Debug|Any CPU.ActiveCfg = Debug|Any CPU
		{0C442F5E-5C6B-4CAE-B08B-013E35073C18}.Debug|Any CPU.Build.0 = Debug|Any CPU
		{0C442F5E-5C6B-4CAE-B08B-013E35073C18}.Release|Any CPU.ActiveCfg = Release|Any CPU
		{0C442F5E-5C6B-4CAE-B08B-013E35073C18}.Release|Any CPU.Build.0 = Release|Any CPU
		{174C29B1-2E95-45FC-9973-992227A79109}.Debug|Any CPU.ActiveCfg = Debug|Any CPU
		{174C29B1-2E95-45FC-9973-992227A79109}.Debug|Any CPU.Build.0 = Debug|Any CPU
		{174C29B1-2E95-45FC-9973-992227A79109}.Release|Any CPU.ActiveCfg = Release|Any CPU
		{174C29B1-2E95-45FC-9973-992227A79109}.Release|Any CPU.Build.0 = Release|Any CPU
		{38FFB4DA-35B1-4A29-8182-DD2F96C19392}.Debug|Any CPU.ActiveCfg = Debug|Any CPU
		{38FFB4DA-35B1-4A29-8182-DD2F96C19392}.Debug|Any CPU.Build.0 = Debug|Any CPU
		{38FFB4DA-35B1-4A29-8182-DD2F96C19392}.Release|Any CPU.ActiveCfg = Release|Any CPU
		{38FFB4DA-35B1-4A29-8182-DD2F96C19392}.Release|Any CPU.Build.0 = Release|Any CPU
		{FD9A592B-AC6B-44A7-97C0-F6602736C968}.Debug|Any CPU.ActiveCfg = Debug|Any CPU
		{FD9A592B-AC6B-44A7-97C0-F6602736C968}.Debug|Any CPU.Build.0 = Debug|Any CPU
		{FD9A592B-AC6B-44A7-97C0-F6602736C968}.Release|Any CPU.ActiveCfg = Release|Any CPU
		{FD9A592B-AC6B-44A7-97C0-F6602736C968}.Release|Any CPU.Build.0 = Release|Any CPU
		{462C0DB1-D6EA-40BE-B291-69585E8DE34E}.Debug|Any CPU.ActiveCfg = Debug|Any CPU
		{462C0DB1-D6EA-40BE-B291-69585E8DE34E}.Debug|Any CPU.Build.0 = Debug|Any CPU
		{462C0DB1-D6EA-40BE-B291-69585E8DE34E}.Release|Any CPU.ActiveCfg = Release|Any CPU
		{462C0DB1-D6EA-40BE-B291-69585E8DE34E}.Release|Any CPU.Build.0 = Release|Any CPU
		{46C144A1-5D57-4C4B-9647-E89571055118}.Debug|Any CPU.ActiveCfg = Debug|Any CPU
		{46C144A1-5D57-4C4B-9647-E89571055118}.Debug|Any CPU.Build.0 = Debug|Any CPU
		{46C144A1-5D57-4C4B-9647-E89571055118}.Release|Any CPU.ActiveCfg = Release|Any CPU
		{46C144A1-5D57-4C4B-9647-E89571055118}.Release|Any CPU.Build.0 = Release|Any CPU
		{BF548BD1-4E45-4617-8B68-3292F8131F8B}.Debug|Any CPU.ActiveCfg = Debug|Any CPU
		{BF548BD1-4E45-4617-8B68-3292F8131F8B}.Debug|Any CPU.Build.0 = Debug|Any CPU
		{BF548BD1-4E45-4617-8B68-3292F8131F8B}.Release|Any CPU.ActiveCfg = Release|Any CPU
		{BF548BD1-4E45-4617-8B68-3292F8131F8B}.Release|Any CPU.Build.0 = Release|Any CPU
		{578FA15B-34D9-44FF-B6E4-FC9170A27786}.Debug|Any CPU.ActiveCfg = Debug|Any CPU
		{578FA15B-34D9-44FF-B6E4-FC9170A27786}.Debug|Any CPU.Build.0 = Debug|Any CPU
		{578FA15B-34D9-44FF-B6E4-FC9170A27786}.Release|Any CPU.ActiveCfg = Release|Any CPU
		{578FA15B-34D9-44FF-B6E4-FC9170A27786}.Release|Any CPU.Build.0 = Release|Any CPU
		{0AE21E22-AE63-4B79-AC4B-466C12841D71}.Debug|Any CPU.ActiveCfg = Debug|Any CPU
		{0AE21E22-AE63-4B79-AC4B-466C12841D71}.Debug|Any CPU.Build.0 = Debug|Any CPU
		{0AE21E22-AE63-4B79-AC4B-466C12841D71}.Release|Any CPU.ActiveCfg = Release|Any CPU
		{0AE21E22-AE63-4B79-AC4B-466C12841D71}.Release|Any CPU.Build.0 = Release|Any CPU
		{3A6DDA53-A666-4E2C-8940-874E4955BDCE}.Debug|Any CPU.ActiveCfg = Debug|Any CPU
		{3A6DDA53-A666-4E2C-8940-874E4955BDCE}.Debug|Any CPU.Build.0 = Debug|Any CPU
		{3A6DDA53-A666-4E2C-8940-874E4955BDCE}.Release|Any CPU.ActiveCfg = Release|Any CPU
		{3A6DDA53-A666-4E2C-8940-874E4955BDCE}.Release|Any CPU.Build.0 = Release|Any CPU
		{CEF173E5-9B1A-490E-BD61-0557789D986D}.Debug|Any CPU.ActiveCfg = Debug|Any CPU
		{CEF173E5-9B1A-490E-BD61-0557789D986D}.Debug|Any CPU.Build.0 = Debug|Any CPU
		{CEF173E5-9B1A-490E-BD61-0557789D986D}.Release|Any CPU.ActiveCfg = Release|Any CPU
		{CEF173E5-9B1A-490E-BD61-0557789D986D}.Release|Any CPU.Build.0 = Release|Any CPU
		{923E7889-6580-44BC-A3F0-8C424E847E58}.Debug|Any CPU.ActiveCfg = Debug|Any CPU
		{923E7889-6580-44BC-A3F0-8C424E847E58}.Debug|Any CPU.Build.0 = Debug|Any CPU
		{923E7889-6580-44BC-A3F0-8C424E847E58}.Release|Any CPU.ActiveCfg = Release|Any CPU
		{923E7889-6580-44BC-A3F0-8C424E847E58}.Release|Any CPU.Build.0 = Release|Any CPU
		{B6E299A3-F217-42A0-993D-3EA598190FD3}.Debug|Any CPU.ActiveCfg = Debug|Any CPU
		{B6E299A3-F217-42A0-993D-3EA598190FD3}.Debug|Any CPU.Build.0 = Debug|Any CPU
		{B6E299A3-F217-42A0-993D-3EA598190FD3}.Release|Any CPU.ActiveCfg = Release|Any CPU
		{B6E299A3-F217-42A0-993D-3EA598190FD3}.Release|Any CPU.Build.0 = Release|Any CPU
		{123D6BC6-3311-4127-A7EA-29E3E0512ABF}.Debug|Any CPU.ActiveCfg = Debug|Any CPU
		{123D6BC6-3311-4127-A7EA-29E3E0512ABF}.Debug|Any CPU.Build.0 = Debug|Any CPU
		{123D6BC6-3311-4127-A7EA-29E3E0512ABF}.Release|Any CPU.ActiveCfg = Release|Any CPU
		{123D6BC6-3311-4127-A7EA-29E3E0512ABF}.Release|Any CPU.Build.0 = Release|Any CPU
		{7692C175-1474-4A1A-B8B7-DBEC7C2950CA}.Debug|Any CPU.ActiveCfg = Debug|Any CPU
		{7692C175-1474-4A1A-B8B7-DBEC7C2950CA}.Debug|Any CPU.Build.0 = Debug|Any CPU
		{7692C175-1474-4A1A-B8B7-DBEC7C2950CA}.Release|Any CPU.ActiveCfg = Release|Any CPU
		{7692C175-1474-4A1A-B8B7-DBEC7C2950CA}.Release|Any CPU.Build.0 = Release|Any CPU
		{7594DABE-96C1-4E09-B18A-4496876733D8}.Debug|Any CPU.ActiveCfg = Debug|Any CPU
		{7594DABE-96C1-4E09-B18A-4496876733D8}.Debug|Any CPU.Build.0 = Debug|Any CPU
		{7594DABE-96C1-4E09-B18A-4496876733D8}.Release|Any CPU.ActiveCfg = Release|Any CPU
		{7594DABE-96C1-4E09-B18A-4496876733D8}.Release|Any CPU.Build.0 = Release|Any CPU
		{3433CDC0-3655-4745-8FE9-DA78676D14AB}.Debug|Any CPU.ActiveCfg = Debug|Any CPU
		{3433CDC0-3655-4745-8FE9-DA78676D14AB}.Debug|Any CPU.Build.0 = Debug|Any CPU
		{3433CDC0-3655-4745-8FE9-DA78676D14AB}.Release|Any CPU.ActiveCfg = Release|Any CPU
		{3433CDC0-3655-4745-8FE9-DA78676D14AB}.Release|Any CPU.Build.0 = Release|Any CPU
		{522AE680-CF13-4D6A-9494-57B6088595A2}.Debug|Any CPU.ActiveCfg = Debug|Any CPU
		{522AE680-CF13-4D6A-9494-57B6088595A2}.Debug|Any CPU.Build.0 = Debug|Any CPU
		{522AE680-CF13-4D6A-9494-57B6088595A2}.Release|Any CPU.ActiveCfg = Release|Any CPU
		{522AE680-CF13-4D6A-9494-57B6088595A2}.Release|Any CPU.Build.0 = Release|Any CPU
		{A1DF0589-FB1C-46B0-9EEA-EEFA85A6058B}.Debug|Any CPU.ActiveCfg = Debug|Any CPU
		{A1DF0589-FB1C-46B0-9EEA-EEFA85A6058B}.Debug|Any CPU.Build.0 = Debug|Any CPU
		{A1DF0589-FB1C-46B0-9EEA-EEFA85A6058B}.Release|Any CPU.ActiveCfg = Release|Any CPU
		{A1DF0589-FB1C-46B0-9EEA-EEFA85A6058B}.Release|Any CPU.Build.0 = Release|Any CPU
		{019745ED-B346-44AF-B6E5-860017491693}.Debug|Any CPU.ActiveCfg = Debug|Any CPU
		{019745ED-B346-44AF-B6E5-860017491693}.Debug|Any CPU.Build.0 = Debug|Any CPU
		{019745ED-B346-44AF-B6E5-860017491693}.Release|Any CPU.ActiveCfg = Release|Any CPU
		{019745ED-B346-44AF-B6E5-860017491693}.Release|Any CPU.Build.0 = Release|Any CPU
		{9D43F835-B7E7-4933-BE04-D115C415A91A}.Debug|Any CPU.ActiveCfg = Debug|Any CPU
		{9D43F835-B7E7-4933-BE04-D115C415A91A}.Debug|Any CPU.Build.0 = Debug|Any CPU
		{9D43F835-B7E7-4933-BE04-D115C415A91A}.Release|Any CPU.ActiveCfg = Release|Any CPU
		{9D43F835-B7E7-4933-BE04-D115C415A91A}.Release|Any CPU.Build.0 = Release|Any CPU
		{E2B7F954-3A73-479E-9C63-E05DB0BB6332}.Debug|Any CPU.ActiveCfg = Debug|Any CPU
		{E2B7F954-3A73-479E-9C63-E05DB0BB6332}.Debug|Any CPU.Build.0 = Debug|Any CPU
		{E2B7F954-3A73-479E-9C63-E05DB0BB6332}.Release|Any CPU.ActiveCfg = Release|Any CPU
		{E2B7F954-3A73-479E-9C63-E05DB0BB6332}.Release|Any CPU.Build.0 = Release|Any CPU
		{BA1D93ED-CA40-4BDF-AB0B-189594B2CD9D}.Debug|Any CPU.ActiveCfg = Debug|Any CPU
		{BA1D93ED-CA40-4BDF-AB0B-189594B2CD9D}.Debug|Any CPU.Build.0 = Debug|Any CPU
		{BA1D93ED-CA40-4BDF-AB0B-189594B2CD9D}.Release|Any CPU.ActiveCfg = Release|Any CPU
		{BA1D93ED-CA40-4BDF-AB0B-189594B2CD9D}.Release|Any CPU.Build.0 = Release|Any CPU
		{DDD9A38A-8430-42F8-9D68-2E465509333B}.Debug|Any CPU.ActiveCfg = Debug|Any CPU
		{DDD9A38A-8430-42F8-9D68-2E465509333B}.Debug|Any CPU.Build.0 = Debug|Any CPU
		{DDD9A38A-8430-42F8-9D68-2E465509333B}.Release|Any CPU.ActiveCfg = Release|Any CPU
		{DDD9A38A-8430-42F8-9D68-2E465509333B}.Release|Any CPU.Build.0 = Release|Any CPU
	EndGlobalSection
	GlobalSection(SolutionProperties) = preSolution
		HideSolutionNode = FALSE
	EndGlobalSection
	GlobalSection(NestedProjects) = preSolution
		{0C442F5E-5C6B-4CAE-B08B-013E35073C18} = {F265AA6F-06E3-42D8-A927-C870E46527DC}
		{174C29B1-2E95-45FC-9973-992227A79109} = {F265AA6F-06E3-42D8-A927-C870E46527DC}
		{38FFB4DA-35B1-4A29-8182-DD2F96C19392} = {F265AA6F-06E3-42D8-A927-C870E46527DC}
		{FD9A592B-AC6B-44A7-97C0-F6602736C968} = {05F29D3E-B92B-43A3-9908-9AD293950869}
		{462C0DB1-D6EA-40BE-B291-69585E8DE34E} = {05F29D3E-B92B-43A3-9908-9AD293950869}
		{46C144A1-5D57-4C4B-9647-E89571055118} = {05F29D3E-B92B-43A3-9908-9AD293950869}
		{BF548BD1-4E45-4617-8B68-3292F8131F8B} = {F5D6A18B-7C12-48DD-8A93-9C744704A914}
		{578FA15B-34D9-44FF-B6E4-FC9170A27786} = {F5D6A18B-7C12-48DD-8A93-9C744704A914}
		{0AE21E22-AE63-4B79-AC4B-466C12841D71} = {F5D6A18B-7C12-48DD-8A93-9C744704A914}
		{3A6DDA53-A666-4E2C-8940-874E4955BDCE} = {D9E5DB10-5EBD-4D61-B4E6-11B5AAE867BD}
		{CEF173E5-9B1A-490E-BD61-0557789D986D} = {D9E5DB10-5EBD-4D61-B4E6-11B5AAE867BD}
		{923E7889-6580-44BC-A3F0-8C424E847E58} = {D9E5DB10-5EBD-4D61-B4E6-11B5AAE867BD}
		{B6E299A3-F217-42A0-993D-3EA598190FD3} = {FB394289-BC2D-42F2-9F4E-062CE80E5F5A}
		{123D6BC6-3311-4127-A7EA-29E3E0512ABF} = {FB394289-BC2D-42F2-9F4E-062CE80E5F5A}
		{7692C175-1474-4A1A-B8B7-DBEC7C2950CA} = {FB394289-BC2D-42F2-9F4E-062CE80E5F5A}
		{7594DABE-96C1-4E09-B18A-4496876733D8} = {2942C3D1-DD6E-4ED4-B3C0-1FA019A65947}
		{3433CDC0-3655-4745-8FE9-DA78676D14AB} = {2942C3D1-DD6E-4ED4-B3C0-1FA019A65947}
		{522AE680-CF13-4D6A-9494-57B6088595A2} = {2942C3D1-DD6E-4ED4-B3C0-1FA019A65947}
		{A1DF0589-FB1C-46B0-9EEA-EEFA85A6058B} = {9BBF4737-A7FB-4F50-9490-587F7B630D5F}
		{019745ED-B346-44AF-B6E5-860017491693} = {9BBF4737-A7FB-4F50-9490-587F7B630D5F}
		{9D43F835-B7E7-4933-BE04-D115C415A91A} = {9BBF4737-A7FB-4F50-9490-587F7B630D5F}
		{E2B7F954-3A73-479E-9C63-E05DB0BB6332} = {342FE960-49F4-4A0A-81FF-F8547E109A28}
		{BA1D93ED-CA40-4BDF-AB0B-189594B2CD9D} = {342FE960-49F4-4A0A-81FF-F8547E109A28}
		{DDD9A38A-8430-42F8-9D68-2E465509333B} = {342FE960-49F4-4A0A-81FF-F8547E109A28}
	EndGlobalSection
	GlobalSection(ExtensibilityGlobals) = postSolution
		SolutionGuid = {6D6B5EEE-E590-4A7D-860C-808FD9FE0596}
	EndGlobalSection
EndGlobal
