
Microsoft Visual Studio Solution File, Format Version 12.00
# Visual Studio Version 16
VisualStudioVersion = 16.0.34031.81
MinimumVisualStudioVersion = 10.0.40219.1
Project("{2150E333-8FDC-42A3-9474-1A3956D46DE8}") = "Task0", "Task0", "{F265AA6F-06E3-42D8-A927-C870E46527DC}"
EndProject
Project("{FAE04EC0-301F-11D3-BF4B-00C04F79EFBC}") = "Tyuiu.AvaevaPD.Sprint2.Task0.V30", "Tyuiu.AvaevaPD.Sprint2.Task0.V0\Tyuiu.AvaevaPD.Sprint2.Task0.V30.csproj", "{0C442F5E-5C6B-4CAE-B08B-013E35073C18}"
EndProject
Project("{FAE04EC0-301F-11D3-BF4B-00C04F79EFBC}") = "Tyuiu.AvaevaPD.Sprint2.Task0.V30.Lib", "Tyuiu.AvaevaPD.Sprint2.Task0.V0.Lib\Tyuiu.AvaevaPD.Sprint2.Task0.V30.Lib.csproj", "{174C29B1-2E95-45FC-9973-992227A79109}"
EndProject
Project("{FAE04EC0-301F-11D3-BF4B-00C04F79EFBC}") = "Tyuiu.AvaevaPD.Sprint2.Task0.V30.Test", "Tyuiu.AvaevaPD.Sprint2.Task0.V0.Test\Tyuiu.AvaevaPD.Sprint2.Task0.V30.Test.csproj", "{38FFB4DA-35B1-4A29-8182-DD2F96C19392}"
EndProject
Project("{2150E333-8FDC-42A3-9474-1A3956D46DE8}") = "NewFolder1", "NewFolder1", "{05F29D3E-B92B-43A3-9908-9AD293950869}"
EndProject
Project("{FAE04EC0-301F-11D3-BF4B-00C04F79EFBC}") = "Tyuiu.AvaevaPD.Sprint2.Task1.V11", "Tyuiu.AvaevaPD.Sprint2.Task1.V11\Tyuiu.AvaevaPD.Sprint2.Task1.V11.csproj", "{FD9A592B-AC6B-44A7-97C0-F6602736C968}"
EndProject
Project("{FAE04EC0-301F-11D3-BF4B-00C04F79EFBC}") = "Tyuiu.AvaevaPD.Sprint2.Task1.V11.Lib", "Tyuiu.AvaevaPD.Sprint2.Task1.V11.Lib\Tyuiu.AvaevaPD.Sprint2.Task1.V11.Lib.csproj", "{462C0DB1-D6EA-40BE-B291-69585E8DE34E}"
EndProject
Project("{FAE04EC0-301F-11D3-BF4B-00C04F79EFBC}") = "Tyuiu.AvaevaPD.Sprint2.Task1.V11.Test", "Tyuiu.AvaevaPD.Sprint2.Task1.V11.Test\Tyuiu.AvaevaPD.Sprint2.Task1.V11.Test.csproj", "{46C144A1-5D57-4C4B-9647-E89571055118}"
EndProject
Global
	GlobalSection(SolutionConfigurationPlatforms) = preSolution
		Debug|Any CPU = Debug|Any CPU
		Release|Any CPU = Release|Any CPU
	EndGlobalSection
	GlobalSection(ProjectConfigurationPlatforms) = postSolution
		{0C442F5E-5C6B-4CAE-B08B-013E35073C18}.Debug|Any CPU.ActiveCfg = Debug|Any CPU
		{0C442F5E-5C6B-4CAE-B08B-013E35073C18}.Debug|Any CPU.Build.0 = Debug|Any CPU
		{0C442F5E-5C6B-4CAE-B08B-013E35073C18}.Release|Any CPU.ActiveCfg = Release|Any CPU
		{0C442F5E-5C6B-4CAE-B08B-013E35073C18}.Release|Any CPU.Build.0 = Release|Any CPU
		{174C29B1-2E95-45FC-9973-992227A79109}.Debug|Any CPU.ActiveCfg = Debug|Any CPU
		{174C29B1-2E95-45FC-9973-992227A79109}.Debug|Any CPU.Build.0 = Debug|Any CPU
		{174C29B1-2E95-45FC-9973-992227A79109}.Release|Any CPU.ActiveCfg = Release|Any CPU
		{174C29B1-2E95-45FC-9973-992227A79109}.Release|Any CPU.Build.0 = Release|Any CPU
		{38FFB4DA-35B1-4A29-8182-DD2F96C19392}.Debug|Any CPU.ActiveCfg = Debug|Any CPU
		{38FFB4DA-35B1-4A29-8182-DD2F96C19392}.Debug|Any CPU.Build.0 = Debug|Any CPU
		{38FFB4DA-35B1-4A29-8182-DD2F96C19392}.Release|Any CPU.ActiveCfg = Release|Any CPU
		{38FFB4DA-35B1-4A29-8182-DD2F96C19392}.Release|Any CPU.Build.0 = Release|Any CPU
		{FD9A592B-AC6B-44A7-97C0-F6602736C968}.Debug|Any CPU.ActiveCfg = Debug|Any CPU
		{FD9A592B-AC6B-44A7-97C0-F6602736C968}.Debug|Any CPU.Build.0 = Debug|Any CPU
		{FD9A592B-AC6B-44A7-97C0-F6602736C968}.Release|Any CPU.ActiveCfg = Release|Any CPU
		{FD9A592B-AC6B-44A7-97C0-F6602736C968}.Release|Any CPU.Build.0 = Release|Any CPU
		{462C0DB1-D6EA-40BE-B291-69585E8DE34E}.Debug|Any CPU.ActiveCfg = Debug|Any CPU
		{462C0DB1-D6EA-40BE-B291-69585E8DE34E}.Debug|Any CPU.Build.0 = Debug|Any CPU
		{462C0DB1-D6EA-40BE-B291-69585E8DE34E}.Release|Any CPU.ActiveCfg = Release|Any CPU
		{462C0DB1-D6EA-40BE-B291-69585E8DE34E}.Release|Any CPU.Build.0 = Release|Any CPU
		{46C144A1-5D57-4C4B-9647-E89571055118}.Debug|Any CPU.ActiveCfg = Debug|Any CPU
		{46C144A1-5D57-4C4B-9647-E89571055118}.Debug|Any CPU.Build.0 = Debug|Any CPU
		{46C144A1-5D57-4C4B-9647-E89571055118}.Release|Any CPU.ActiveCfg = Release|Any CPU
		{46C144A1-5D57-4C4B-9647-E89571055118}.Release|Any CPU.Build.0 = Release|Any CPU
	EndGlobalSection
	GlobalSection(SolutionProperties) = preSolution
		HideSolutionNode = FALSE
	EndGlobalSection
	GlobalSection(NestedProjects) = preSolution
		{0C442F5E-5C6B-4CAE-B08B-013E35073C18} = {F265AA6F-06E3-42D8-A927-C870E46527DC}
		{174C29B1-2E95-45FC-9973-992227A79109} = {F265AA6F-06E3-42D8-A927-C870E46527DC}
		{38FFB4DA-35B1-4A29-8182-DD2F96C19392} = {F265AA6F-06E3-42D8-A927-C870E46527DC}
		{FD9A592B-AC6B-44A7-97C0-F6602736C968} = {05F29D3E-B92B-43A3-9908-9AD293950869}
		{462C0DB1-D6EA-40BE-B291-69585E8DE34E} = {05F29D3E-B92B-43A3-9908-9AD293950869}
		{46C144A1-5D57-4C4B-9647-E89571055118} = {05F29D3E-B92B-43A3-9908-9AD293950869}
	EndGlobalSection
	GlobalSection(ExtensibilityGlobals) = postSolution
		SolutionGuid = {6D6B5EEE-E590-4A7D-860C-808FD9FE0596}
	EndGlobalSection
EndGlobal
